github.com/MeiSastraJayadi/acacia v0.0.0-20230227235333-a02903308c09 h1:qAmxEz9HnFiR5z3qyv0yIiqT8CuV8GAVGOWJaVxuCV0=
github.com/MeiSastraJayadi/acacia v0.0.0-20230227235333-a02903308c09/go.mod h1:KKgd4P0V2HOJ717RpuNCqKuFbwxI+KRQDq0jF1a6dZw=
github.com/MeiSastraJayadi/acacia v0.1.0 h1:3dmgEBClyddqoWo/FTYM6OezCHomj9X/p9GGQqTQcwc=
github.com/MeiSastraJayadi/acacia v0.1.0/go.mod h1:KKgd4P0V2HOJ717RpuNCqKuFbwxI+KRQDq0jF1a6dZw=
github.com/go-sql-driver/mysql v1.7.0 h1:ueSltNNllEqE3qcWBTD0iQd3IpL/6U+mJxLkazJ7YPc=
github.com/go-sql-driver/mysql v1.7.0/go.mod h1:OXbVy3sEdcQ2Doequ6Z5BW6fXNQTmx+9S1MCJN5yJMI=
github.com/golang-jwt/jwt/v5 v5.0.0-rc.1 h1:tDQ1LjKga657layZ4JLsRdxgvupebc0xuPwRNuTfUgs=
github.com/golang-jwt/jwt/v5 v5.0.0-rc.1/go.mod h1:pqrtFR0X4osieyHYxtmOUWsAWrfe1Q5UVIyoH402zdk=
golang.org/x/crypto v0.6.0 h1:qfktjS5LUO+fFKeJXZ+ikTRijMmljikvG68fpMMruSc=
golang.org/x/crypto v0.6.0/go.mod h1:OFC/31mSvZgRz0V1QTNCzfAI1aIRzbiufJtkMIlEp58=
